# This file is automatically @generated by Cargo.
# It is not intended for manual editing.
version = 4

[[package]]
name = "lscope-core"
version = "0.1.0"

[[package]]
name = "lscope-e"
version = "0.1.0"
dependencies = [
 "lscope-core",
]

[[package]]
name = "lscope-h"
version = "0.1.0"
dependencies = [
 "lscope-core",
]

[[package]]
name = "lscope-r"
version = "0.1.0"
dependencies = [
 "lscope-core",
]

[[package]]
name = "lscope-scanner"
version = "0.1.0"
